# Auto-generated by Incan - do not edit manually
# Regenerate with: incan lock

[incan]
format = 2
incan-version = "0.6.0-dev.1.3"
deps-fingerprint = "sha256:77aa19f4fdc197ca311bc8de6b833962b29d3bc7bbaf7c0176e7938cd35a2a66"
cargo-features = []
cargo-no-default-features = false
cargo-all-features = false

[semantic.sdk]
identity = "incan@0.6.0-dev.1.3"
inventory_digest = "sha256:5ccd5bbc2fd808498c94190d698dec9153433f0a7ee08951343c83bdf9fb8918"
profile = "default"

[[semantic.sdk.components]]
id = "stdlib-async"
version = "0.6.0-dev.1.3"
reason = "profile:default"

[[semantic.sdk.components]]
id = "stdlib-codecs"
version = "0.6.0-dev.1.3"
reason = "profile:default"

[[semantic.sdk.components]]
id = "stdlib-compression"
version = "0.6.0-dev.1.3"
reason = "profile:default"

[[semantic.sdk.components]]
id = "stdlib-core"
version = "0.6.0-dev.1.3"
reason = "mandatory"

[[semantic.sdk.components]]
id = "stdlib-data"
version = "0.6.0-dev.1.3"
reason = "profile:default"

[[semantic.sdk.components]]
id = "stdlib-interop"
version = "0.6.0-dev.1.3"
reason = "profile:default"

[[semantic.sdk.components]]
id = "stdlib-observability"
version = "0.6.0-dev.1.3"
reason = "profile:default"

[[semantic.sdk.components]]
id = "stdlib-system"
version = "0.6.0-dev.1.3"
reason = "dependency:stdlib-codecs"

[[semantic.sdk.components]]
id = "stdlib-testing"
version = "0.6.0-dev.1.3"
reason = "profile:default"

[[semantic.sdk.components]]
id = "stdlib-web"
version = "0.6.0-dev.1.3"
reason = "profile:default"

[[semantic.packages]]
package = "incql"
project_root = ""
active_features = []
active_optional_dependencies = []
required_sdk_components = []

[semantic.packages.dependency_features]

[[semantic.providers]]
identity = "incan_stdlib_async@0.5.0#sha256:86805bca6b0f12db492e9a983d245ceb591ea6883d9c10c49e28c86509596527[]"
participation = "used"
namespace_claims = [["std", "async"], ["std", "async", "channel"], ["std", "async", "race"], ["std", "async", "sync"], ["std", "async", "task"], ["std", "async", "time"]]
used_modules = [["std", "async"]]
implementation_facets = ["rust_async"]
backend_requirements = ["cargo-feature:incan_stdlib/async"]

[[semantic.providers]]
identity = "incan_stdlib_codecs@0.5.0#sha256:6f912e826cca6913ae80ee779307cb120cfd1e7ee3677c7033a34563ac62667d[]"
participation = "used"
namespace_claims = [["std", "checksum"], ["std", "encoding"], ["std", "encoding", "_shared"], ["std", "encoding", "base32"], ["std", "encoding", "base58"], ["std", "encoding", "base64"], ["std", "encoding", "base85"], ["std", "encoding", "bech32"], ["std", "encoding", "hex"]]
used_modules = [["std", "encoding"], ["std", "encoding", "base64"], ["std", "encoding", "hex"]]
implementation_facets = ["rust_encoding"]
backend_requirements = []

[[semantic.providers]]
identity = "incan_stdlib_compression@0.5.0#sha256:3efb2b9971538d2c35a976b3bf19ff9c84aeed1f6b3f5057182665fe1f35a9ad[]"
participation = "enabled"
namespace_claims = [["std", "compression"], ["std", "compression", "_auto"], ["std", "compression", "_core"], ["std", "compression", "bz2"], ["std", "compression", "deflate"], ["std", "compression", "gzip"], ["std", "compression", "lzma"], ["std", "compression", "snappy"], ["std", "compression", "snappy", "raw"], ["std", "compression", "zlib"], ["std", "compression", "zstd"]]
used_modules = []
implementation_facets = []
backend_requirements = []

[[semantic.providers]]
identity = "incan_stdlib_core@0.5.0#sha256:9b2955d0c6d508356661dea487eb0358f32837cbd02f1ff124f7e9796785139f[]"
participation = "used"
namespace_claims = [["std", "derives", "collection"], ["std", "derives", "comparison"], ["std", "derives", "copying"], ["std", "derives", "string"], ["std", "features"], ["std", "prelude"], ["std", "reflection"], ["std", "registry"], ["std", "result"], ["std", "this"], ["std", "traits"], ["std", "traits", "callable"], ["std", "traits", "convert"], ["std", "traits", "error"], ["std", "traits", "indexing"], ["std", "traits", "ops"]]
used_modules = [["std", "prelude"]]
implementation_facets = []
backend_requirements = []

[[semantic.providers]]
identity = "incan_stdlib_data@0.5.0#sha256:f6cac589f0dcd4db5120c83783984445b1578354e8367054508352420d7e53ae[]"
participation = "used"
namespace_claims = [["std", "collections"], ["std", "datetime"], ["std", "datetime", "civil"], ["std", "datetime", "civil", "intervals"], ["std", "datetime", "civil", "naive"], ["std", "datetime", "civil", "offset"], ["std", "datetime", "error"], ["std", "datetime", "runtime"], ["std", "graph"], ["std", "hash"], ["std", "hash", "_core"], ["std", "hash", "_streaming"], ["std", "json"], ["std", "math"], ["std", "regex"], ["std", "regex", "_core"], ["std", "regex", "_replacement"], ["std", "regex", "types"], ["std", "serde"], ["std", "serde", "json"], ["std", "uuid"]]
used_modules = [["std", "collections"], ["std", "datetime"], ["std", "datetime", "civil"], ["std", "datetime", "runtime"], ["std", "hash"], ["std", "json"], ["std", "regex"]]
implementation_facets = ["rust_collections", "rust_datetime", "rust_hash", "rust_json", "rust_regex"]
backend_requirements = ["cargo-dependency:blake2", "cargo-dependency:blake3", "cargo-dependency:md5", "cargo-dependency:regex", "cargo-dependency:serde", "cargo-dependency:sha1", "cargo-dependency:sha2", "cargo-dependency:sha3", "cargo-dependency:xxhash_rust", "cargo-feature:incan_stdlib/json", "cargo-feature:incan_stdlib/ordinal"]

[[semantic.providers]]
identity = "incan_stdlib_interop@0.5.0#sha256:8648b99ead9130f4ab7f98dc79aace551ea1f918604c8f15983b05fed9311834[]"
participation = "enabled"
namespace_claims = [["std", "interop"]]
used_modules = []
implementation_facets = []
backend_requirements = []

[[semantic.providers]]
identity = "incan_stdlib_observability@0.5.0#sha256:fcb177997dee422fc7f9dfa84c6a09612b26c9209127d074db1f8aa2abda5ac4[]"
participation = "enabled"
namespace_claims = [["std", "logging"], ["std", "telemetry"], ["std", "telemetry", "core"]]
used_modules = []
implementation_facets = []
backend_requirements = []

[[semantic.providers]]
identity = "incan_stdlib_system@0.5.0#sha256:c37649b1cdd5691641a41ce00cc56217a0855d77fb179a69cfc5c4b13f6722f6[]"
participation = "used"
namespace_claims = [["std", "environ"], ["std", "fs"], ["std", "fs", "file"], ["std", "fs", "glob"], ["std", "fs", "locking"], ["std", "fs", "metadata"], ["std", "fs", "path"], ["std", "io"], ["std", "tempfile"]]
used_modules = [["std", "fs"], ["std", "io"]]
implementation_facets = ["rust_fs", "rust_io"]
backend_requirements = ["cargo-dependency:byteorder", "cargo-dependency:encoding_rs", "cargo-dependency:rustix"]

[[semantic.providers]]
identity = "incan_stdlib_testing@0.5.0#sha256:86f6e197f8e866cebccfaff123e12aee4deb69f1e165a058c7d7f25929840996[]"
participation = "used"
namespace_claims = [["std", "testing"]]
used_modules = [["std", "testing"]]
implementation_facets = ["rust_testing"]
backend_requirements = []

[[semantic.providers]]
identity = "incan_stdlib_web@0.5.0#sha256:ea451ebfbae152a5cdd5b04a99f0dcea88b13aeec1461bd8c6973d2020655b90[]"
participation = "enabled"
namespace_claims = [["std", "web"], ["std", "web", "app"], ["std", "web", "macros"], ["std", "web", "request"], ["std", "web", "response"], ["std", "web", "routing"]]
used_modules = []
implementation_facets = []
backend_requirements = []

[cargo]
lock = """
version = 4
"""
