# Auto-generated by Incan - do not edit manually
# Regenerate with: incan lock

[incan]
format = 2
incan-version = "0.6.0-dev.6"
deps-fingerprint = "sha256:a2a45e233f6cbd21613a81e718ff31b19972e1bb247c0a907122946747767e11"
cargo-features = []
cargo-no-default-features = false
cargo-all-features = false

[[semantic.packages]]
package = "incql_core"
project_root = ""
active_features = []
active_optional_dependencies = []
required_sdk_components = []

[semantic.packages.dependency_features]

[cargo]
lock = """
version = 4
"""
