# Auto-generated by Incan - do not edit manually
# Regenerate with: incan lock

[incan]
format = 2
incan-version = "0.6.0-dev.6"
deps-fingerprint = "sha256:f14be3c174413b37e73ae237bf194ad3cbbc775e488f37d8d72cc89d672838d7"
cargo-features = []
cargo-no-default-features = false
cargo-all-features = false

[[semantic.packages]]
package = "incql_core"
project_root = "../incql-core"
active_features = []
active_optional_dependencies = []
required_sdk_components = []

[semantic.packages.dependency_features]

[[semantic.packages]]
package = "incql_db"
project_root = ""
active_features = []
active_optional_dependencies = []
required_sdk_components = []

[semantic.packages.dependency_features]

[[semantic.feature_edges]]
from = ""
dependency_key = "incql_core"
to = "../incql-core"
requested_features = []
default_features = true
optional = false

[[semantic.providers]]
identity = "incql_core@0.1.0#sha256:11df73b77dbb9543c5d3a0695d69a21567c9938ebbd4a26d0f723dc0bba51504[]"
participation = "enabled"
namespace_claims = []
used_modules = []
implementation_facets = []
backend_requirements = []

[cargo]
lock = """
version = 4
"""
