# Auto-generated by Incan - do not edit manually
# Regenerate with: incan lock

[incan]
format = 2
incan-version = "0.5.1"
deps-fingerprint = "sha256:6e042620a6efff65d63bc83c8eb33357c5e6e5ddedf145c5e5b455ecf463c2cc"
cargo-features = []
cargo-no-default-features = false
cargo-all-features = false

[semantic.sdk]
identity = "incan@0.5.1"
inventory_digest = "sha256:1b08145be28cbb1df0a23ca49f130e53207b26701c78b03bb3cb18e8b22df5f6"
profile = "default"

[[semantic.sdk.components]]
id = "stdlib-async"
version = "0.5.1"
reason = "profile:default"

[[semantic.sdk.components]]
id = "stdlib-codecs"
version = "0.5.1"
reason = "profile:default"

[[semantic.sdk.components]]
id = "stdlib-compression"
version = "0.5.1"
reason = "profile:default"

[[semantic.sdk.components]]
id = "stdlib-core"
version = "0.5.1"
reason = "mandatory"

[[semantic.sdk.components]]
id = "stdlib-data"
version = "0.5.1"
reason = "profile:default"

[[semantic.sdk.components]]
id = "stdlib-interop"
version = "0.5.1"
reason = "profile:default"

[[semantic.sdk.components]]
id = "stdlib-observability"
version = "0.5.1"
reason = "profile:default"

[[semantic.sdk.components]]
id = "stdlib-system"
version = "0.5.1"
reason = "dependency:stdlib-codecs"

[[semantic.sdk.components]]
id = "stdlib-testing"
version = "0.5.1"
reason = "profile:default"

[[semantic.sdk.components]]
id = "stdlib-web"
version = "0.5.1"
reason = "profile:default"

[[semantic.packages]]
package = "incql"
project_root = "../.."
active_features = []
active_optional_dependencies = []
required_sdk_components = []

[semantic.packages.dependency_features]

[[semantic.packages]]
package = "incql_semantic_memory_brain"
project_root = ""
active_features = []
active_optional_dependencies = []
required_sdk_components = []

[semantic.packages.dependency_features]

[[semantic.feature_edges]]
from = ""
dependency_key = "incql"
to = "../.."
requested_features = []
default_features = true
optional = false

[[semantic.providers]]
identity = "incan_stdlib_async@0.5.0#sha256:12bf50222a2a20a028d1633ff707e6ce81ec0619f552128704faffc1edb59811[]"
participation = "enabled"
namespace_claims = [["std", "async"], ["std", "async", "channel"], ["std", "async", "race"], ["std", "async", "sync"], ["std", "async", "task"], ["std", "async", "time"]]
used_modules = []
implementation_facets = []
backend_requirements = []

[[semantic.providers]]
identity = "incan_stdlib_codecs@0.5.0#sha256:f6e85482cb30930c0bd6195cb04d6befc976dd3c4d2681fd9002993625217d4a[]"
participation = "enabled"
namespace_claims = [["std", "checksum"], ["std", "encoding"], ["std", "encoding", "_shared"], ["std", "encoding", "base32"], ["std", "encoding", "base58"], ["std", "encoding", "base64"], ["std", "encoding", "base85"], ["std", "encoding", "bech32"], ["std", "encoding", "hex"]]
used_modules = []
implementation_facets = []
backend_requirements = []

[[semantic.providers]]
identity = "incan_stdlib_compression@0.5.0#sha256:0b101901be2503aff24404d2e29ff6b88a2f1ae4345f16e74e96f1d70bbae216[]"
participation = "enabled"
namespace_claims = [["std", "compression"], ["std", "compression", "_auto"], ["std", "compression", "_core"], ["std", "compression", "bz2"], ["std", "compression", "deflate"], ["std", "compression", "gzip"], ["std", "compression", "lzma"], ["std", "compression", "snappy"], ["std", "compression", "snappy", "raw"], ["std", "compression", "zlib"], ["std", "compression", "zstd"]]
used_modules = []
implementation_facets = []
backend_requirements = []

[[semantic.providers]]
identity = "incan_stdlib_core@0.5.0#sha256:4ebded99dbdcc974c1ef2d5074ec532ce618a8288ad77b5ed74775d344b1f0f4[]"
participation = "used"
namespace_claims = [["std", "capabilities"], ["std", "derives", "collection"], ["std", "derives", "comparison"], ["std", "derives", "copying"], ["std", "derives", "string"], ["std", "prelude"], ["std", "reflection"], ["std", "registry"], ["std", "result"], ["std", "this"], ["std", "traits"], ["std", "traits", "callable"], ["std", "traits", "convert"], ["std", "traits", "error"], ["std", "traits", "indexing"], ["std", "traits", "ops"]]
used_modules = [["std", "prelude"]]
implementation_facets = []
backend_requirements = []

[[semantic.providers]]
identity = "incan_stdlib_data@0.5.0#sha256:54eb5a2a60077e1e128712c8a01a34b72d364bcee181ba519bc811640ceab5d0[]"
participation = "enabled"
namespace_claims = [["std", "collections"], ["std", "datetime"], ["std", "datetime", "civil"], ["std", "datetime", "civil", "intervals"], ["std", "datetime", "civil", "naive"], ["std", "datetime", "civil", "offset"], ["std", "datetime", "error"], ["std", "datetime", "runtime"], ["std", "graph"], ["std", "hash"], ["std", "hash", "_core"], ["std", "hash", "_streaming"], ["std", "json"], ["std", "math"], ["std", "regex"], ["std", "regex", "_core"], ["std", "regex", "_replacement"], ["std", "regex", "types"], ["std", "serde"], ["std", "serde", "json"], ["std", "uuid"]]
used_modules = []
implementation_facets = []
backend_requirements = []

[[semantic.providers]]
identity = "incan_stdlib_interop@0.5.0#sha256:0a818ad5d17acfcf123f8e58901e836f24bf16488a1eec76a812583fcb0b8d24[]"
participation = "enabled"
namespace_claims = [["std", "interop"]]
used_modules = []
implementation_facets = []
backend_requirements = []

[[semantic.providers]]
identity = "incan_stdlib_observability@0.5.0#sha256:471e2b076728bcd69a5cbd0f87a531857c2c6e1110d3847bb563e4153c5cbb7b[]"
participation = "enabled"
namespace_claims = [["std", "logging"], ["std", "telemetry"], ["std", "telemetry", "core"]]
used_modules = []
implementation_facets = []
backend_requirements = []

[[semantic.providers]]
identity = "incan_stdlib_system@0.5.0#sha256:b872dccf732ba2b183f6b0a8ffef32c38e8b038223fc6d026a51ee4b314914ad[]"
participation = "enabled"
namespace_claims = [["std", "environ"], ["std", "fs"], ["std", "fs", "file"], ["std", "fs", "glob"], ["std", "fs", "locking"], ["std", "fs", "metadata"], ["std", "fs", "path"], ["std", "io"], ["std", "tempfile"]]
used_modules = []
implementation_facets = []
backend_requirements = []

[[semantic.providers]]
identity = "incan_stdlib_testing@0.5.0#sha256:057ac86b1619bf61b4007d383cbc8b2244ebb7543d4a9317c4c80b7f412bb2a9[]"
participation = "enabled"
namespace_claims = [["std", "testing"]]
used_modules = []
implementation_facets = []
backend_requirements = []

[[semantic.providers]]
identity = "incan_stdlib_web@0.5.0#sha256:96a9a99fdb642aa7a100c8809b117fce3f6da19c9269f714a5479f4193b8ffae[]"
participation = "enabled"
namespace_claims = [["std", "web"], ["std", "web", "app"], ["std", "web", "macros"], ["std", "web", "request"], ["std", "web", "response"], ["std", "web", "routing"]]
used_modules = []
implementation_facets = []
backend_requirements = []

[[semantic.providers]]
identity = "incql@0.1.0#sha256:9b2c7e5df5e6ebe01d55fedf8f6897bb9d03e599c0ca4a0befc84f6f8da10a6d[]"
participation = "enabled"
namespace_claims = [["pub", "incql", "aggregate_builders"], ["pub", "incql", "backends"], ["pub", "incql", "dataset"], ["pub", "incql", "dataset", "materialization"], ["pub", "incql", "dataset", "ops"], ["pub", "incql", "evidence"], ["pub", "incql", "filter_builders"], ["pub", "incql", "function_registry"], ["pub", "incql", "functions"], ["pub", "incql", "functions", "aggregates"], ["pub", "incql", "functions", "aggregates", "avg"], ["pub", "incql", "functions", "aggregates", "count"], ["pub", "incql", "functions", "aggregates", "count_distinct"], ["pub", "incql", "functions", "aggregates", "count_if"], ["pub", "incql", "functions", "aggregates", "max"], ["pub", "incql", "functions", "aggregates", "min"], ["pub", "incql", "functions", "aggregates", "sum"], ["pub", "incql", "functions", "approximate"], ["pub", "incql", "functions", "approximate", "approx_count_distinct"], ["pub", "incql", "functions", "approximate", "approx_percentile"], ["pub", "incql", "functions", "casts"], ["pub", "incql", "functions", "casts", "cast"], ["pub", "incql", "functions", "casts", "try_cast"], ["pub", "incql", "functions", "conditionals"], ["pub", "incql", "functions", "conditionals", "case_when"], ["pub", "incql", "functions", "conditionals", "coalesce"], ["pub", "incql", "functions", "conditionals", "nullif"], ["pub", "incql", "functions", "csv"], ["pub", "incql", "functions", "csv", "from_csv"], ["pub", "incql", "functions", "csv", "schema_of_csv"], ["pub", "incql", "functions", "csv", "to_csv"], ["pub", "incql", "functions", "datetime"], ["pub", "incql", "functions", "datetime", "current_date"], ["pub", "incql", "functions", "datetime", "current_time"], ["pub", "incql", "functions", "datetime", "current_timestamp"], ["pub", "incql", "functions", "datetime", "date_add"], ["pub", "incql", "functions", "datetime", "date_diff"], ["pub", "incql", "functions", "datetime", "date_part"], ["pub", "incql", "functions", "datetime", "date_sub"], ["pub", "incql", "functions", "datetime", "date_trunc"], ["pub", "incql", "functions", "datetime", "dateadd"], ["pub", "incql", "functions", "datetime", "datediff"], ["pub", "incql", "functions", "datetime", "extract"], ["pub", "incql", "functions", "datetime", "from_unixtime"], ["pub", "incql", "functions", "datetime", "last_day"], ["pub", "incql", "functions", "datetime", "make_date"], ["pub", "incql", "functions", "datetime", "make_time"], ["pub", "incql", "functions", "datetime", "make_timestamp"], ["pub", "incql", "functions", "datetime", "time_trunc"], ["pub", "incql", "functions", "datetime", "timestamp_diff"], ["pub", "incql", "functions", "datetime", "to_date"], ["pub", "incql", "functions", "datetime", "to_time"], ["pub", "incql", "functions", "datetime", "to_timestamp"], ["pub", "incql", "functions", "datetime", "unix_micros"], ["pub", "incql", "functions", "datetime", "unix_millis"], ["pub", "incql", "functions", "datetime", "unix_seconds"], ["pub", "incql", "functions", "encoding"], ["pub", "incql", "functions", "encoding", "base64"], ["pub", "incql", "functions", "encoding", "decode"], ["pub", "incql", "functions", "encoding", "encode"], ["pub", "incql", "functions", "encoding", "hex"], ["pub", "incql", "functions", "encoding", "unbase64"], ["pub", "incql", "functions", "encoding", "unhex"], ["pub", "incql", "functions", "formatting"], ["pub", "incql", "functions", "formatting", "display"], ["pub", "incql", "functions", "generators"], ["pub", "incql", "functions", "generators", "explode"], ["pub", "incql", "functions", "generators", "explode_outer"], ["pub", "incql", "functions", "generators", "flatten"], ["pub", "incql", "functions", "generators", "inline"], ["pub", "incql", "functions", "generators", "inline_outer"], ["pub", "incql", "functions", "generators", "posexplode"], ["pub", "incql", "functions", "generators", "posexplode_outer"], ["pub", "incql", "functions", "generators", "stack"], ["pub", "incql", "functions", "hashing", "crc32"], ["pub", "incql", "functions", "hashing", "md5"], ["pub", "incql", "functions", "hashing", "sha1"], ["pub", "incql", "functions", "hashing", "sha2"], ["pub", "incql", "functions", "hashing", "sha224"], ["pub", "incql", "functions", "hashing", "sha256"], ["pub", "incql", "functions", "hashing", "sha384"], ["pub", "incql", "functions", "hashing", "sha512"], ["pub", "incql", "functions", "hashing", "xxhash64"], ["pub", "incql", "functions", "inputs"], ["pub", "incql", "functions", "json"], ["pub", "incql", "functions", "json", "check_json"], ["pub", "incql", "functions", "json", "common"], ["pub", "incql", "functions", "json", "from_json"], ["pub", "incql", "functions", "json", "get_json_object"], ["pub", "incql", "functions", "json", "json_array_length"], ["pub", "incql", "functions", "json", "json_extract_path_text"], ["pub", "incql", "functions", "json", "json_object_keys"], ["pub", "incql", "functions", "json", "parse_json"], ["pub", "incql", "functions", "json", "schema_of_json"], ["pub", "incql", "functions", "json", "to_json"], ["pub", "incql", "functions", "json", "try_from_json"], ["pub", "incql", "functions", "literals"], ["pub", "incql", "functions", "literals", "always_false"], ["pub", "incql", "functions", "literals", "always_true"], ["pub", "incql", "functions", "literals", "bool_expr"], ["pub", "incql", "functions", "literals", "bool_lit"], ["pub", "incql", "functions", "literals", "float_expr"], ["pub", "incql", "functions", "literals", "int_expr"], ["pub", "incql", "functions", "literals", "int_lit"], ["pub", "incql", "functions", "literals", "lit"], ["pub", "incql", "functions", "literals", "str_expr"], ["pub", "incql", "functions", "literals", "str_lit"], ["pub", "incql", "functions", "math"], ["pub", "incql", "functions", "math", "abs"], ["pub", "incql", "functions", "math", "acos"], ["pub", "incql", "functions", "math", "asin"], ["pub", "incql", "functions", "math", "atan"], ["pub", "incql", "functions", "math", "atan2"], ["pub", "incql", "functions", "math", "ceil"], ["pub", "incql", "functions", "math", "cos"], ["pub", "incql", "functions", "math", "degrees"], ["pub", "incql", "functions", "math", "exp"], ["pub", "incql", "functions", "math", "floor"], ["pub", "incql", "functions", "math", "greatest"], ["pub", "incql", "functions", "math", "least"], ["pub", "incql", "functions", "math", "ln"], ["pub", "incql", "functions", "math", "log"], ["pub", "incql", "functions", "math", "log10"], ["pub", "incql", "functions", "math", "power"], ["pub", "incql", "functions", "math", "radians"], ["pub", "incql", "functions", "math", "round"], ["pub", "incql", "functions", "math", "sign"], ["pub", "incql", "functions", "math", "sin"], ["pub", "incql", "functions", "math", "sqrt"], ["pub", "incql", "functions", "math", "tan"], ["pub", "incql", "functions", "nested"], ["pub", "incql", "functions", "nested", "array"], ["pub", "incql", "functions", "nested", "array_contains"], ["pub", "incql", "functions", "nested", "array_distinct"], ["pub", "incql", "functions", "nested", "array_except"], ["pub", "incql", "functions", "nested", "array_flatten"], ["pub", "incql", "functions", "nested", "array_intersect"], ["pub", "incql", "functions", "nested", "array_join"], ["pub", "incql", "functions", "nested", "array_position"], ["pub", "incql", "functions", "nested", "array_range"], ["pub", "incql", "functions", "nested", "array_reverse"], ["pub", "incql", "functions", "nested", "array_slice"], ["pub", "incql", "functions", "nested", "array_sort"], ["pub", "incql", "functions", "nested", "array_union"], ["pub", "incql", "functions", "nested", "arrays_overlap"], ["pub", "incql", "functions", "nested", "cardinality"], ["pub", "incql", "functions", "nested", "common"], ["pub", "incql", "functions", "nested", "element_at"], ["pub", "incql", "functions", "nested", "map_contains_key"], ["pub", "incql", "functions", "nested", "map_entries"], ["pub", "incql", "functions", "nested", "map_extract"], ["pub", "incql", "functions", "nested", "map_from_arrays"], ["pub", "incql", "functions", "nested", "map_keys"], ["pub", "incql", "functions", "nested", "map_values"], ["pub", "incql", "functions", "nested", "named_struct"], ["pub", "incql", "functions", "operators"], ["pub", "incql", "functions", "operators", "add"], ["pub", "incql", "functions", "operators", "and_"], ["pub", "incql", "functions", "operators", "div"], ["pub", "incql", "functions", "operators", "eq"], ["pub", "incql", "functions", "operators", "equal_null"], ["pub", "incql", "functions", "operators", "gt"], ["pub", "incql", "functions", "operators", "gte"], ["pub", "incql", "functions", "operators", "lt"], ["pub", "incql", "functions", "operators", "lte"], ["pub", "incql", "functions", "operators", "modulo"], ["pub", "incql", "functions", "operators", "mul"], ["pub", "incql", "functions", "operators", "ne"], ["pub", "incql", "functions", "operators", "neg"], ["pub", "incql", "functions", "operators", "not_"], ["pub", "incql", "functions", "operators", "or_"], ["pub", "incql", "functions", "operators", "sub"], ["pub", "incql", "functions", "ordering"], ["pub", "incql", "functions", "ordering", "asc"], ["pub", "incql", "functions", "ordering", "asc_nulls_first"], ["pub", "incql", "functions", "ordering", "asc_nulls_last"], ["pub", "incql", "functions", "ordering", "desc"], ["pub", "incql", "functions", "ordering", "desc_nulls_first"], ["pub", "incql", "functions", "ordering", "desc_nulls_last"], ["pub", "incql", "functions", "predicates"], ["pub", "incql", "functions", "predicates", "between"], ["pub", "incql", "functions", "predicates", "in_"], ["pub", "incql", "functions", "predicates", "is_nan"], ["pub", "incql", "functions", "predicates", "is_not_nan"], ["pub", "incql", "functions", "predicates", "is_not_null"], ["pub", "incql", "functions", "predicates", "is_null"], ["pub", "incql", "functions", "references"], ["pub", "incql", "functions", "references", "col"], ["pub", "incql", "functions", "regex"], ["pub", "incql", "functions", "regex", "regexp_extract"], ["pub", "incql", "functions", "regex", "regexp_like"], ["pub", "incql", "functions", "regex", "regexp_replace"], ["pub", "incql", "functions", "registry"], ["pub", "incql", "functions", "sketches"], ["pub", "incql", "functions", "sketches", "hll_deserialize"], ["pub", "incql", "functions", "sketches", "hll_estimate"], ["pub", "incql", "functions", "sketches", "hll_merge"], ["pub", "incql", "functions", "sketches", "hll_serialize"], ["pub", "incql", "functions", "sketches", "hll_sketch"], ["pub", "incql", "functions", "strings"], ["pub", "incql", "functions", "strings", "char_length"], ["pub", "incql", "functions", "strings", "concat"], ["pub", "incql", "functions", "strings", "concat_ws"], ["pub", "incql", "functions", "strings", "lcase"], ["pub", "incql", "functions", "strings", "left"], ["pub", "incql", "functions", "strings", "lower"], ["pub", "incql", "functions", "strings", "lpad"], ["pub", "incql", "functions", "strings", "ltrim"], ["pub", "incql", "functions", "strings", "octet_length"], ["pub", "incql", "functions", "strings", "overlay"], ["pub", "incql", "functions", "strings", "position"], ["pub", "incql", "functions", "strings", "repeat"], ["pub", "incql", "functions", "strings", "replace"], ["pub", "incql", "functions", "strings", "right"], ["pub", "incql", "functions", "strings", "rpad"], ["pub", "incql", "functions", "strings", "rtrim"], ["pub", "incql", "functions", "strings", "split_part"], ["pub", "incql", "functions", "strings", "substr"], ["pub", "incql", "functions", "strings", "substring"], ["pub", "incql", "functions", "strings", "translate"], ["pub", "incql", "functions", "strings", "trim"], ["pub", "incql", "functions", "strings", "ucase"], ["pub", "incql", "functions", "strings", "upper"], ["pub", "incql", "functions", "urls"], ["pub", "incql", "functions", "urls", "parse_url"], ["pub", "incql", "functions", "urls", "try_url_decode"], ["pub", "incql", "functions", "urls", "url_decode"], ["pub", "incql", "functions", "urls", "url_encode"], ["pub", "incql", "functions", "variants"], ["pub", "incql", "functions", "variants", "is_array"], ["pub", "incql", "functions", "variants", "is_boolean"], ["pub", "incql", "functions", "variants", "is_float"], ["pub", "incql", "functions", "variants", "is_integer"], ["pub", "incql", "functions", "variants", "is_null_value"], ["pub", "incql", "functions", "variants", "is_object"], ["pub", "incql", "functions", "variants", "is_string"], ["pub", "incql", "functions", "variants", "is_timestamp"], ["pub", "incql", "functions", "variants", "parse_variant_json"], ["pub", "incql", "functions", "variants", "try_parse_variant_json"], ["pub", "incql", "functions", "variants", "typeof"], ["pub", "incql", "functions", "variants", "variant_get"], ["pub", "incql", "functions", "windows"], ["pub", "incql", "functions", "windows", "bounds"], ["pub", "incql", "functions", "windows", "cume_dist"], ["pub", "incql", "functions", "windows", "dense_rank"], ["pub", "incql", "functions", "windows", "first_value"], ["pub", "incql", "functions", "windows", "lag"], ["pub", "incql", "functions", "windows", "last_value"], ["pub", "incql", "functions", "windows", "lead"], ["pub", "incql", "functions", "windows", "nth_value"], ["pub", "incql", "functions", "windows", "ntile"], ["pub", "incql", "functions", "windows", "percent_rank"], ["pub", "incql", "functions", "windows", "rank"], ["pub", "incql", "functions", "windows", "row_number"], ["pub", "incql", "functions", "windows", "window"], ["pub", "incql", "generator_builders"], ["pub", "incql", "governance"], ["pub", "incql", "inspect"], ["pub", "incql", "metadata"], ["pub", "incql", "prism"], ["pub", "incql", "prism", "lower"], ["pub", "incql", "prism", "output_columns"], ["pub", "incql", "prism", "rewrite"], ["pub", "incql", "prism", "store"], ["pub", "incql", "prism", "types"], ["pub", "incql", "projection_builders"], ["pub", "incql", "quality"], ["pub", "incql", "scalar_schema"], ["pub", "incql", "schema_registry"], ["pub", "incql", "session"], ["pub", "incql", "session", "active"], ["pub", "incql", "session", "backend_dispatch"], ["pub", "incql", "session", "backend_types"], ["pub", "incql", "session", "csv_schema"], ["pub", "incql", "session", "datafusion_backend"], ["pub", "incql", "session", "datafusion_common_scalar_functions"], ["pub", "incql", "session", "datafusion_format_functions"], ["pub", "incql", "session", "domain"], ["pub", "incql", "session", "errors"], ["pub", "incql", "session", "source_formats"], ["pub", "incql", "session", "types"], ["pub", "incql", "sketch_types"], ["pub", "incql", "sketches"], ["pub", "incql", "substrait"], ["pub", "incql", "substrait", "conformance"], ["pub", "incql", "substrait", "conformance_catalog"], ["pub", "incql", "substrait", "conformance_validate"], ["pub", "incql", "substrait", "errors"], ["pub", "incql", "substrait", "expr_lowering"], ["pub", "incql", "substrait", "extensions"], ["pub", "incql", "substrait", "function_extensions"], ["pub", "incql", "substrait", "generator_payload"], ["pub", "incql", "substrait", "inspect"], ["pub", "incql", "substrait", "plans"], ["pub", "incql", "substrait", "relations"], ["pub", "incql", "substrait", "schema"], ["pub", "incql", "substrait", "schema_registry"], ["pub", "incql", "substrait", "traversal"], ["pub", "incql", "substrait", "window_metadata"], ["pub", "incql", "variant_types"], ["pub", "incql", "variants"], ["pub", "incql", "window_builders"]]
used_modules = []
implementation_facets = []
backend_requirements = []

[cargo]
lock = """
version = 4
"""
